# This file is autogenerated, do not edit; changes may be undone by the next 'dep ensure'.


[[projects]]
  branch = "master"
  name = "dmitri.shuralyov.com/text/kebabcase"
  packages = ["."]
  revision = "40e40b42552a9cb37d6e98f4ad31f63ae53ea43a"

[[projects]]
  name = "github.com/BurntSushi/toml"
  packages = ["."]
  revision = "3012a1dbe2e4bd1391d42b32f0577cb7bbc7f005"
  version = "v0.3.1"

[[projects]]
  name = "github.com/ajg/form"
  packages = ["."]
  revision = "cc2954064ec9ea8d93917f0f87456e11d7b881ad"
  version = "v1.5"

[[projects]]
  name = "github.com/blang/semver"
  packages = ["."]
  revision = "2ee87856327ba09384cabd113bc6b5d174e9ec0f"
  version = "v3.5.1"

[[projects]]
  branch = "master"
  name = "github.com/cockroachdb/cockroach-go"
  packages = ["crdb"]
  revision = "e0a95dfd547cc9c3ebaaba1a12c2afe4bf621ac5"

[[projects]]
  name = "github.com/davecgh/go-spew"
  packages = ["spew"]
  revision = "8991bc29aa16c548c550c7ff78260e27b9ab7c73"
  version = "v1.1.1"

[[projects]]
  name = "github.com/dgrijalva/jwt-go"
  packages = ["."]
  revision = "06ea1031745cb8b3dab3f6a236daf2b0aa468b7e"
  version = "v3.2.0"

[[projects]]
  name = "github.com/dustin/go-humanize"
  packages = ["."]
  revision = "9f541cc9db5d55bce703bd99987c9d5cb8eea45e"
  version = "v1.0.0"

[[projects]]
  name = "github.com/fatih/color"
  packages = ["."]
  revision = "5b77d2a35fb0ede96d138fc9a99f5c9b6aef11b4"
  version = "v1.7.0"

[[projects]]
  name = "github.com/fatih/structs"
  packages = ["."]
  revision = "4966fc68f5b7593aafa6cbbba2d65ec6e1416047"
  version = "v1.1.0"

[[projects]]
  name = "github.com/fsnotify/fsnotify"
  packages = ["."]
  revision = "c2828203cd70a50dcccfb2761f8b1f8ceef9a8e9"
  version = "v1.4.7"

[[projects]]
  name = "github.com/go-sql-driver/mysql"
  packages = ["."]
  revision = "72cd26f257d44c1114970e19afddcd812016007e"
  version = "v1.4.1"

[[projects]]
  name = "github.com/gobuffalo/buffalo"
  packages = [
    ".",
    "binding",
    "render",
    "servers",
    "worker"
  ]
  revision = "4d7b03aa7e68260a1fc6f8b8cdf327b3f6511123"
  version = "v0.12.8"

[[projects]]
  name = "github.com/gobuffalo/buffalo-plugins"
  packages = [
    "plugins",
    "plugins/plugdeps"
  ]
  revision = "69f3d62dac4196808a821b63b783789d30aadffc"
  version = "v1.13.1"

[[projects]]
  name = "github.com/gobuffalo/buffalo-pop"
  packages = [
    "pop",
    "pop/popmw"
  ]
  revision = "7bded2d57a031f06193a861477870c2e415fa14e"
  version = "v1.8.0"

[[projects]]
  name = "github.com/gobuffalo/envy"
  packages = ["."]
  revision = "fa0dfdc10b5366ce365b7d9d1755a03e4e797bc5"
  version = "v1.6.15"

[[projects]]
  name = "github.com/gobuffalo/events"
  packages = ["."]
  revision = "7405490b2bb796f2d6aaea94f4c8692e67aa7086"
  version = "v1.2.0"

[[projects]]
  name = "github.com/gobuffalo/fizz"
  packages = [
    ".",
    "translators"
  ]
  revision = "3d99862ae4ef21ae80ff8e92f2150ef2a72963bb"
  version = "v1.5.1"

[[projects]]
  name = "github.com/gobuffalo/flect"
  packages = [
    ".",
    "name"
  ]
  revision = "d4fc286952bf96d0262a67b482e234613ae36f59"
  version = "v0.1.0"

[[projects]]
  branch = "master"
  name = "github.com/gobuffalo/genny"
  packages = [
    ".",
    "movinglater/gotools"
  ]
  revision = "f262bb0c783b26032e1df7c9c3da8ad470a79d1a"

[[projects]]
  name = "github.com/gobuffalo/github_flavored_markdown"
  packages = [
    ".",
    "internal/russross/blackfriday",
    "internal/shurcooL/highlight_diff",
    "internal/shurcooL/highlight_go",
    "internal/shurcooL/octicon",
    "internal/shurcooL/sanitized_anchor_name"
  ]
  revision = "c57d0cf4d2cdde649ecc22f61c78cc9cd41e56af"
  version = "v1.0.7"

[[projects]]
  branch = "master"
  name = "github.com/gobuffalo/gogen"
  packages = [
    ".",
    "goimports",
    "gomods"
  ]
  revision = "1c6076128bbc66ac8068c0c685f0848287b7c360"

[[projects]]
  name = "github.com/gobuffalo/httptest"
  packages = ["."]
  revision = "294cbc067e1fc9940322f300d7124c03216df581"
  version = "v1.1.0"

[[projects]]
  branch = "master"
  name = "github.com/gobuffalo/logger"
  packages = ["."]
  revision = "be78ebfea0fa04f089e4fab7d3388315dbe89a0a"

[[projects]]
  name = "github.com/gobuffalo/makr"
  packages = ["."]
  revision = "bfe537384e6f4cf8a4d9d149bae4f519b186c9fe"
  version = "v1.1.5"

[[projects]]
  name = "github.com/gobuffalo/mapi"
  packages = ["."]
  revision = "09ac528b16b7e871fe0f14d4867a07820a30a14b"
  version = "v1.0.1"

[[projects]]
  branch = "master"
  name = "github.com/gobuffalo/meta"
  packages = ["."]
  revision = "50a99e08b8cf340b099048d2ad70bf525f2e16a7"

[[projects]]
  branch = "master"
  name = "github.com/gobuffalo/mw-contenttype"
  packages = ["."]
  revision = "36c73cc938f3f18f394bec1e91a72fe251de512f"

[[projects]]
  branch = "master"
  name = "github.com/gobuffalo/mw-csrf"
  packages = ["."]
  revision = "25460a05551774654d807c1586d9bac3bb2a26c9"

[[projects]]
  branch = "master"
  name = "github.com/gobuffalo/mw-forcessl"
  packages = ["."]
  revision = "6d1ef7ffb276350711946ddda7f11a5f490db156"

[[projects]]
  branch = "master"
  name = "github.com/gobuffalo/mw-paramlogger"
  packages = ["."]
  revision = "0d45762ab655f63558af39439aa4fdf6be8a2e11"

[[projects]]
  branch = "master"
  name = "github.com/gobuffalo/packd"
  packages = ["."]
  revision = "d04dd98aca5b9aa7ca7c36ee639a21bcc69de32a"

[[projects]]
  name = "github.com/gobuffalo/packr"
  packages = [
    ".",
    "v2",
    "v2/file",
    "v2/file/resolver",
    "v2/file/resolver/encoding/hex",
    "v2/jam/parser",
    "v2/plog"
  ]
  revision = "e4e6ba15091f5e9be7e8e9989e57a71fd545bf7e"
  version = "v1.22.0"

[[projects]]
  name = "github.com/gobuffalo/plush"
  packages = [
    ".",
    "ast",
    "lexer",
    "parser",
    "token"
  ]
  revision = "f69cf36b7832a533698bcb7a9dc7954ed1588671"
  version = "v3.7.33"

[[projects]]
  name = "github.com/gobuffalo/pop"
  packages = [
    ".",
    "associations",
    "columns",
    "fix",
    "logging",
    "nulls"
  ]
  revision = "a140925276668f9368d6e57b4ec0ea553c6afdd9"
  version = "v4.9.9"

[[projects]]
  name = "github.com/gobuffalo/suite"
  packages = [
    ".",
    "fix"
  ]
  revision = "9b4d77a3bcf4ac5eb2442fd71b78a101faa6f06f"
  version = "v2.6.0"

[[projects]]
  branch = "master"
  name = "github.com/gobuffalo/syncx"
  packages = ["."]
  revision = "33c29581e754bd354236e977dfe426e55331c45d"

[[projects]]
  name = "github.com/gobuffalo/tags"
  packages = [
    ".",
    "form",
    "form/bootstrap"
  ]
  revision = "5bface973eaf8938807a6d0c075c415911f45b48"
  version = "v2.0.15"

[[projects]]
  name = "github.com/gobuffalo/uuid"
  packages = ["."]
  revision = "3f701655805f1ef76e9963d1b377497a0c66d7cd"
  version = "v2.0.5"

[[projects]]
  branch = "master"
  name = "github.com/gobuffalo/validate"
  packages = [
    ".",
    "validators"
  ]
  revision = "2ada686bcfc51eb528382b5134818852f918fe24"

[[projects]]
  branch = "master"
  name = "github.com/gobuffalo/x"
  packages = [
    "defaults",
    "httpx",
    "sessions"
  ]
  revision = "6bb134105960cad85951ed5d28b7c127b3ebca87"

[[projects]]
  name = "github.com/gofrs/uuid"
  packages = ["."]
  revision = "6b08a5c5172ba18946672b49749cde22873dd7c2"
  version = "v3.2.0"

[[projects]]
  name = "github.com/google/uuid"
  packages = ["."]
  revision = "0cd6bf5da1e1c83f8b45653022c74f71af0538a4"
  version = "v1.1.1"

[[projects]]
  name = "github.com/gorilla/context"
  packages = ["."]
  revision = "08b5f424b9271eedf6f9f0ce86cb9396ed337a42"
  version = "v1.1.1"

[[projects]]
  name = "github.com/gorilla/mux"
  packages = ["."]
  revision = "a7962380ca08b5a188038c69871b8d3fbdf31e89"
  version = "v1.7.0"

[[projects]]
  name = "github.com/gorilla/schema"
  packages = ["."]
  revision = "d0e4c24cff97ae983e9847e0ed5a02dc10013d41"
  version = "v1.0.2"

[[projects]]
  name = "github.com/gorilla/securecookie"
  packages = ["."]
  revision = "e59506cc896acb7f7bf732d4fdf5e25f7ccd8983"
  version = "v1.1.1"

[[projects]]
  name = "github.com/gorilla/sessions"
  packages = ["."]
  revision = "f57b7e2d29c6211d16ffa52a0998272f75799030"
  version = "v1.1.3"

[[projects]]
  name = "github.com/inconshreveable/mousetrap"
  packages = ["."]
  revision = "76626ae9c91c4f2a10f34cad8ce83ea42c93bb75"
  version = "v1.0"

[[projects]]
  name = "github.com/jackc/pgx"
  packages = [
    ".",
    "chunkreader",
    "internal/sanitize",
    "pgio",
    "pgproto3",
    "pgtype"
  ]
  revision = "c59c9cac59ab95eceb0c12ff338923c62f411ea2"
  version = "v3.3.0"

[[projects]]
  name = "github.com/jmoiron/sqlx"
  packages = [
    ".",
    "reflectx"
  ]
  revision = "d161d7a76b5661016ad0b085869f77fd410f3e6a"
  version = "v1.2.0"

[[projects]]
  name = "github.com/joho/godotenv"
  packages = ["."]
  revision = "23d116af351c84513e1946b527c88823e476be13"
  version = "v1.3.0"

[[projects]]
  name = "github.com/karrick/godirwalk"
  packages = ["."]
  revision = "6d1c7760ec857d2984abe0a23fa263877f50d3f0"
  version = "v1.8.0"

[[projects]]
  branch = "master"
  name = "github.com/kballard/go-shellquote"
  packages = ["."]
  revision = "95032a82bc518f77982ea72343cc1ade730072f0"

[[projects]]
  name = "github.com/konsorten/go-windows-terminal-sequences"
  packages = ["."]
  revision = "f55edac94c9bbba5d6182a4be46d86a2c9b5b50e"
  version = "v1.0.2"

[[projects]]
  name = "github.com/lib/pq"
  packages = [
    ".",
    "oid"
  ]
  revision = "4ded0e9383f75c197b3a2aaa6d590ac52df6fd79"
  version = "v1.0.0"

[[projects]]
  name = "github.com/markbates/going"
  packages = [
    "defaults",
    "randx"
  ]
  revision = "7745e382f2e927b7ad1bc04524fa32217acaeb15"
  version = "v1.0.3"

[[projects]]
  name = "github.com/markbates/grift"
  packages = ["grift"]
  revision = "ce869fe62d84875913170d186f91a34667e4c732"
  version = "v1.0.5"

[[projects]]
  name = "github.com/markbates/hmax"
  packages = ["."]
  revision = "800e180dcd16937a4cc134c6aa8c8407e62ce880"
  version = "v1.0.0"

[[projects]]
  name = "github.com/markbates/inflect"
  packages = ["."]
  revision = "24b83195037b3bc61fcda2d28b7b0518bce293b6"
  version = "v1.0.4"

[[projects]]
  branch = "master"
  name = "github.com/markbates/oncer"
  packages = ["."]
  revision = "bf2de49a0be218916e69a11d22866e6cd0a560f2"

[[projects]]
  name = "github.com/markbates/refresh"
  packages = [
    "filenotify",
    "refresh",
    "refresh/web"
  ]
  revision = "fdf2220c04f5cd7136e5ecf08300ff4213abed71"
  version = "v1.7.1"

[[projects]]
  name = "github.com/markbates/safe"
  packages = ["."]
  revision = "6fea05a5732486546a4836b7a1d596c5ec687b98"
  version = "v1.0.1"

[[projects]]
  name = "github.com/markbates/sigtx"
  packages = ["."]
  revision = "daa2e5f08161c569ca3d938d70750ccd038daf16"
  version = "v1.0.0"

[[projects]]
  name = "github.com/mattn/go-colorable"
  packages = ["."]
  revision = "167de6bfdfba052fa6b2d3664c8f5272e23c9072"
  version = "v0.0.9"

[[projects]]
  name = "github.com/mattn/go-isatty"
  packages = ["."]
  revision = "369ecd8cea9851e459abb67eb171853e3986591e"
  version = "v0.0.6"

[[projects]]
  name = "github.com/mattn/go-sqlite3"
  packages = ["."]
  revision = "c7c4067b79cc51e6dfdcef5c702e74b1e0fa7c75"
  version = "v1.10.0"

[[projects]]
  branch = "master"
  name = "github.com/mc2soft/pq-types"
  packages = ["."]
  revision = "ada769d4011a027a5385b9c4e47976fe327350a6"

[[projects]]
  name = "github.com/microcosm-cc/bluemonday"
  packages = ["."]
  revision = "506f3da9b7c86d737e91f16b7431df8635871552"
  version = "v1.0.2"

[[projects]]
  name = "github.com/mitchellh/go-homedir"
  packages = ["."]
  revision = "af06845cf3004701891bf4fdb884bfe4920b3727"
  version = "v1.1.0"

[[projects]]
  name = "github.com/monoculum/formam"
  packages = ["."]
  revision = "0a5cdaa81e2ed9650363bfd688c752557e6a9460"
  version = "v3.1"

[[projects]]
  name = "github.com/pkg/errors"
  packages = ["."]
  revision = "ba968bfe8b2f7e042a574c888954fccecfa385b4"
  version = "v0.8.1"

[[projects]]
  name = "github.com/pmezard/go-difflib"
  packages = ["difflib"]
  revision = "792786c7400a136282c1664665ae0a8db921c6c2"
  version = "v1.0.0"

[[projects]]
  name = "github.com/rogpeppe/go-internal"
  packages = [
    "modfile",
    "module",
    "semver"
  ]
  revision = "1cf9852c553c5b7da2d5a4a091129a7822fed0c9"
  version = "v1.2.2"

[[projects]]
  name = "github.com/rs/cors"
  packages = ["."]
  revision = "9a47f48565a795472d43519dd49aac781f3034fb"
  version = "v1.6.0"

[[projects]]
  branch = "master"
  name = "github.com/serenize/snaker"
  packages = ["."]
  revision = "a683aaf2d516deecd70cad0c72e3ca773ecfcef0"

[[projects]]
  name = "github.com/sergi/go-diff"
  packages = ["diffmatchpatch"]
  revision = "1744e2970ca51c86172c8190fadad617561ed6e7"
  version = "v1.0.0"

[[projects]]
  branch = "master"
  name = "github.com/sfreiberg/gotwilio"
  packages = ["."]
  revision = "ccf5c3cb3e06042ee30f879e62a85e4658e97bbb"

[[projects]]
  branch = "master"
  name = "github.com/shurcooL/go"
  packages = [
    "parserutil",
    "printerutil",
    "reflectfind",
    "reflectsource"
  ]
  revision = "3fef8c783dec4cbce3bc3b1e877260f0d3c891b7"

[[projects]]
  branch = "master"
  name = "github.com/shurcooL/go-goon"
  packages = ["."]
  revision = "37c2f522c041b74919a9e5e3a6c5c47eb34730a5"

[[projects]]
  branch = "master"
  name = "github.com/shurcooL/graphql"
  packages = ["ident"]
  revision = "d48a9a75455f6af30244670bc0c9d0e38e7392b5"

[[projects]]
  name = "github.com/sirupsen/logrus"
  packages = ["."]
  revision = "e1e72e9de974bd926e5c56f83753fba2df402ce5"
  version = "v1.3.0"

[[projects]]
  branch = "master"
  name = "github.com/sourcegraph/annotate"
  packages = ["."]
  revision = "f4cad6c6324d3f584e1743d8b3e0e017a5f3a636"

[[projects]]
  branch = "master"
  name = "github.com/sourcegraph/syntaxhighlight"
  packages = ["."]
  revision = "bd320f5d308e1a3c4314c678d8227a0d72574ae7"

[[projects]]
  name = "github.com/spf13/cobra"
  packages = ["."]
  revision = "ef82de70bb3f60c65fb8eebacbb2d122ef517385"
  version = "v0.0.3"

[[projects]]
  name = "github.com/spf13/pflag"
  packages = ["."]
  revision = "298182f68c66c05229eb03ac171abe6e309ee79a"
  version = "v1.0.3"

[[projects]]
  name = "github.com/stretchr/testify"
  packages = [
    "assert",
    "require",
    "suite"
  ]
  revision = "ffdc059bfe9ce6a4e144ba849dbedead332c6053"
  version = "v1.3.0"

[[projects]]
  name = "github.com/unrolled/secure"
  packages = ["."]
  revision = "76e6d4e9b90c2e11fa0e1b76284cc83d99c7fd1e"
  version = "v1.0.0"

[[projects]]
  branch = "master"
  name = "golang.org/x/crypto"
  packages = [
    "bcrypt",
    "blowfish",
    "ssh/terminal"
  ]
  revision = "8dd112bcdc25174059e45e07517d9fc663123347"

[[projects]]
  branch = "master"
  name = "golang.org/x/net"
  packages = [
    "context",
    "html",
    "html/atom"
  ]
  revision = "16b79f2e4e95ea23b2bf9903c9809ff7b013ce85"

[[projects]]
  branch = "master"
  name = "golang.org/x/sync"
  packages = ["errgroup"]
  revision = "e225da77a7e68af35c70ccbf71af2b83e6acac3c"

[[projects]]
  branch = "master"
  name = "golang.org/x/sys"
  packages = [
    "unix",
    "windows"
  ]
  revision = "b294cbcfc56d2a65a30c02c78722b5df061e99b8"

[[projects]]
  branch = "master"
  name = "golang.org/x/time"
  packages = ["rate"]
  revision = "85acf8d2951cb2a3bde7632f9ff273ef0379bcbd"

[[projects]]
  branch = "master"
  name = "golang.org/x/tools"
  packages = [
    "go/ast/astutil",
    "go/gcexportdata",
    "go/internal/cgo",
    "go/internal/gcimporter",
    "go/internal/packagesdriver",
    "go/packages",
    "go/types/typeutil",
    "imports",
    "internal/fastwalk",
    "internal/gopathwalk",
    "internal/module",
    "internal/semver"
  ]
  revision = "69e0dcfa1121488c38c3c8f9624f7de769003896"

[[projects]]
  name = "google.golang.org/appengine"
  packages = ["cloudsql"]
  revision = "e9657d882bb81064595ca3b56cbe2546bbabf7b1"
  version = "v1.4.0"

[[projects]]
  branch = "master"
  name = "googlemaps.github.io/maps"
  packages = [
    ".",
    "internal"
  ]
  revision = "be134e760d707b2057d6a68668e19c509147d805"

[[projects]]
  name = "gopkg.in/yaml.v2"
  packages = ["."]
  revision = "51d6538a90f86fe93ac480b35f37b2be17fef232"
  version = "v2.2.2"

[solve-meta]
  analyzer-name = "dep"
  analyzer-version = 1
  inputs-digest = "7e4af73406278bb431d372c88cbce3e07f12204fb4ad9d27d0a85af9ae681ea5"
  solver-name = "gps-cdcl"
  solver-version = 1
